{
  "name": "server",
  "lockfileVersion": 3,
  "requires": true,
  "packages": {
    "": {
      "dependencies": {
        "csv-parse": "^5.5.6",
        "cumulative-distribution-function": "^2.1.1"
      }
    },
    "node_modules/csv-parse": {
      "version": "5.5.6",
      "resolved": "https://registry.npmjs.org/csv-parse/-/csv-parse-5.5.6.tgz",
      "integrity": "sha512-uNpm30m/AGSkLxxy7d9yRXpJQFrZzVWLFBkS+6ngPcZkw/5k3L/jjFuj7tVnEpRn+QgmiXr21nDlhCiUK4ij2A=="
    },
    "node_modules/cumulative-distribution-function": {
      "version": "2.1.1",
      "resolved": "https://registry.npmjs.org/cumulative-distribution-function/-/cumulative-distribution-function-2.1.1.tgz",
      "integrity": "sha512-OjA6/Na402QGLvQcgPElcJOLp+WMd9TyfMN/FwKXqIJl8K95yyGSTT7Cdsa+8XyRAfZMtbnkp7/93QZLq1k/DA=="
    }
  }
}
